
Microsoft Visual Studio Solution File, Format Version 12.00
# Visual Studio Version 17
VisualStudioVersion = 17.11.35222.181
MinimumVisualStudioVersion = 10.0.40219.1
Project("{8BC9CEB8-8B4A-11D0-8D11-00A0C91BC942}") = "GM2Project", "GM2Project\GM2Project.vcxproj", "{8FE7F938-A9DB-4779-A93A-14A62D7ABC7A}"
EndProject
Project("{2150E333-8FDC-42A3-9474-1A3956D46DE8}") = "Game", "Game", "{3F6BC646-08FF-46E9-A671-15BF212DABD2}"
EndProject
Project("{8BC9CEB8-8B4A-11D0-8D11-00A0C91BC942}") = "TextRpg000", "TextRpg000\TextRpg000.vcxproj", "{EBEE876E-EE8C-44E9-8640-3EE78D7AF889}"
EndProject
Project("{2150E333-8FDC-42A3-9474-1A3956D46DE8}") = "Task", "Task", "{F94ACCC3-1106-4BD0-93EE-BFF0E824267E}"
EndProject
Project("{8BC9CEB8-8B4A-11D0-8D11-00A0C91BC942}") = "000_StringCount", "000_StringCount\000_StringCount.vcxproj", "{D05D9E79-D2EF-475C-87C1-BA359615AC91}"
EndProject
Project("{8BC9CEB8-8B4A-11D0-8D11-00A0C91BC942}") = "001_NumberCount", "001_NumberCount\001_NumberCount.vcxproj", "{40ADBAB9-863E-4B8C-8CB8-95670FB7C095}"
EndProject
Project("{8BC9CEB8-8B4A-11D0-8D11-00A0C91BC942}") = "003_PlusString", "003_PlusString\003_PlusString.vcxproj", "{5D57D5BA-0D17-44BA-83C5-186FC189E1D9}"
EndProject
Project("{8BC9CEB8-8B4A-11D0-8D11-00A0C91BC942}") = "MemberVarAndBytePadding", "MemberVarAndBytePadding\MemberVarAndBytePadding.vcxproj", "{3ED897A1-86E4-4AB9-A1AB-304E55118E35}"
EndProject
Project("{8BC9CEB8-8B4A-11D0-8D11-00A0C91BC942}") = "TextRPG001OBJECT", "TextRPG001OBJECT\TextRPG001OBJECT.vcxproj", "{549D25E6-7B8A-4FC4-88DB-EA74AE8F88BD}"
EndProject
Project("{8BC9CEB8-8B4A-11D0-8D11-00A0C91BC942}") = "TextRPGinheritance", "004TextRPGinheritance\004TextRPGinheritance.vcxproj", "{88083F0F-C696-4B2F-85E7-5400DEF960CE}"
EndProject
Project("{8BC9CEB8-8B4A-11D0-8D11-00A0C91BC942}") = "004ClassSize", "004ClassSize\004ClassSize.vcxproj", "{D9334814-D3EE-4BF5-9D41-DB71B659EA57}"
EndProject
Project("{8BC9CEB8-8B4A-11D0-8D11-00A0C91BC942}") = "TextRPG003ClassFile", "TextRPG003ClassFile\TextRPG003ClassFile.vcxproj", "{CB6ED93B-9A7E-4EB1-9519-E8BD998A9A19}"
EndProject
Project("{2150E333-8FDC-42A3-9474-1A3956D46DE8}") = "Framework", "Framework", "{FD92EE6E-B6AB-4928-B10A-1616DA2BA990}"
EndProject
Project("{8BC9CEB8-8B4A-11D0-8D11-00A0C91BC942}") = "BaseSystem", "BaseSystem\BaseSystem.vcxproj", "{0ACEBF45-8515-409B-99DE-190CD392A6FC}"
EndProject
Project("{8BC9CEB8-8B4A-11D0-8D11-00A0C91BC942}") = "TextRpgLast", "TextRpgLast\TextRpgLast.vcxproj", "{58A974E7-93F1-4486-88D3-4C0854C19308}"
EndProject
Project("{8BC9CEB8-8B4A-11D0-8D11-00A0C91BC942}") = "ConsoleGame", "ConsoleGame\ConsoleGame.vcxproj", "{08FEEB13-EBEA-4120-9098-DF7CE5CBEE38}"
EndProject
Project("{8BC9CEB8-8B4A-11D0-8D11-00A0C91BC942}") = "NewTest", "NewTest\NewTest.vcxproj", "{66FFB1CB-A8D7-496A-A84A-2822AC2A3264}"
EndProject
Project("{8BC9CEB8-8B4A-11D0-8D11-00A0C91BC942}") = "EngineBase", "EngineBase\EngineBase.vcxproj", "{108805A3-298C-4B98-915C-872E2F170A85}"
EndProject
Project("{8BC9CEB8-8B4A-11D0-8D11-00A0C91BC942}") = "App", "App\App.vcxproj", "{C3FC80E9-0550-4E33-83E9-C9D311D4F749}"
EndProject
Project("{2150E333-8FDC-42A3-9474-1A3956D46DE8}") = "Tetris", "Tetris", "{F6E0A7E6-45A5-4611-8625-AAF41F46E1D0}"
EndProject
Project("{8BC9CEB8-8B4A-11D0-8D11-00A0C91BC942}") = "EngineCore", "EngineCore\EngineCore.vcxproj", "{F83BA35A-295F-4844-ADD0-06FDA7CBA5F0}"
EndProject
Project("{2150E333-8FDC-42A3-9474-1A3956D46DE8}") = "DataStruct", "DataStruct", "{1CE43891-1F14-4066-8F26-1539AC361BF7}"
EndProject
Project("{8BC9CEB8-8B4A-11D0-8D11-00A0C91BC942}") = "Vector", "Vector\Vector.vcxproj", "{65425080-EB20-4CBF-BCE4-BBF2B7157989}"
EndProject
Project("{8BC9CEB8-8B4A-11D0-8D11-00A0C91BC942}") = "TetrisContents", "TetrisContents\TetrisContents.vcxproj", "{B4FDBBFA-6D0E-43D6-92FC-26D534FAA3C3}"
EndProject
Project("{2150E333-8FDC-42A3-9474-1A3956D46DE8}") = "Snake", "Snake", "{CE1A9019-BE94-4CA1-8466-9521ADBBD6BD}"
EndProject
Project("{8BC9CEB8-8B4A-11D0-8D11-00A0C91BC942}") = "SnakeApp", "SnakeApp\SnakeApp.vcxproj", "{86672AD6-B2F5-40B4-BD97-5EB61A0988D5}"
EndProject
Project("{8BC9CEB8-8B4A-11D0-8D11-00A0C91BC942}") = "SnakeContents", "SnakeContents\SnakeContents.vcxproj", "{C6472FE5-4F33-4AF4-9EEF-2D61041556EA}"
EndProject
Project("{2150E333-8FDC-42A3-9474-1A3956D46DE8}") = "Shooting", "Shooting", "{E7F7E1C8-5E7E-4388-84E5-49FA176334A0}"
EndProject
Project("{8BC9CEB8-8B4A-11D0-8D11-00A0C91BC942}") = "SApp", "SApp\SApp.vcxproj", "{A31B06B6-8CC5-45AC-A7E7-7FD9180DDDB0}"
EndProject
Project("{8BC9CEB8-8B4A-11D0-8D11-00A0C91BC942}") = "ShootingContents", "ShootingContents\ShootingContents.vcxproj", "{A8EEC27E-DABA-433C-88B8-A27BF6CFC1F6}"
EndProject
Project("{8BC9CEB8-8B4A-11D0-8D11-00A0C91BC942}") = "List", "UList\UList.vcxproj", "{61BF7DAA-C37A-4049-B25E-27967704AEBA}"
EndProject
Global
	GlobalSection(SolutionConfigurationPlatforms) = preSolution
		Debug|Any CPU = Debug|Any CPU
		Debug|x64 = Debug|x64
		Debug|x86 = Debug|x86
		Release|Any CPU = Release|Any CPU
		Release|x64 = Release|x64
		Release|x86 = Release|x86
	EndGlobalSection
	GlobalSection(ProjectConfigurationPlatforms) = postSolution
		{8FE7F938-A9DB-4779-A93A-14A62D7ABC7A}.Debug|Any CPU.ActiveCfg = Debug|x64
		{8FE7F938-A9DB-4779-A93A-14A62D7ABC7A}.Debug|Any CPU.Build.0 = Debug|x64
		{8FE7F938-A9DB-4779-A93A-14A62D7ABC7A}.Debug|x64.ActiveCfg = Debug|x64
		{8FE7F938-A9DB-4779-A93A-14A62D7ABC7A}.Debug|x64.Build.0 = Debug|x64
		{8FE7F938-A9DB-4779-A93A-14A62D7ABC7A}.Debug|x86.ActiveCfg = Debug|Win32
		{8FE7F938-A9DB-4779-A93A-14A62D7ABC7A}.Debug|x86.Build.0 = Debug|Win32
		{8FE7F938-A9DB-4779-A93A-14A62D7ABC7A}.Release|Any CPU.ActiveCfg = Release|x64
		{8FE7F938-A9DB-4779-A93A-14A62D7ABC7A}.Release|Any CPU.Build.0 = Release|x64
		{8FE7F938-A9DB-4779-A93A-14A62D7ABC7A}.Release|x64.ActiveCfg = Release|x64
		{8FE7F938-A9DB-4779-A93A-14A62D7ABC7A}.Release|x64.Build.0 = Release|x64
		{8FE7F938-A9DB-4779-A93A-14A62D7ABC7A}.Release|x86.ActiveCfg = Release|Win32
		{8FE7F938-A9DB-4779-A93A-14A62D7ABC7A}.Release|x86.Build.0 = Release|Win32
		{EBEE876E-EE8C-44E9-8640-3EE78D7AF889}.Debug|Any CPU.ActiveCfg = Debug|x64
		{EBEE876E-EE8C-44E9-8640-3EE78D7AF889}.Debug|Any CPU.Build.0 = Debug|x64
		{EBEE876E-EE8C-44E9-8640-3EE78D7AF889}.Debug|x64.ActiveCfg = Debug|x64
		{EBEE876E-EE8C-44E9-8640-3EE78D7AF889}.Debug|x64.Build.0 = Debug|x64
		{EBEE876E-EE8C-44E9-8640-3EE78D7AF889}.Debug|x86.ActiveCfg = Debug|Win32
		{EBEE876E-EE8C-44E9-8640-3EE78D7AF889}.Debug|x86.Build.0 = Debug|Win32
		{EBEE876E-EE8C-44E9-8640-3EE78D7AF889}.Release|Any CPU.ActiveCfg = Release|x64
		{EBEE876E-EE8C-44E9-8640-3EE78D7AF889}.Release|Any CPU.Build.0 = Release|x64
		{EBEE876E-EE8C-44E9-8640-3EE78D7AF889}.Release|x64.ActiveCfg = Release|x64
		{EBEE876E-EE8C-44E9-8640-3EE78D7AF889}.Release|x64.Build.0 = Release|x64
		{EBEE876E-EE8C-44E9-8640-3EE78D7AF889}.Release|x86.ActiveCfg = Release|Win32
		{EBEE876E-EE8C-44E9-8640-3EE78D7AF889}.Release|x86.Build.0 = Release|Win32
		{D05D9E79-D2EF-475C-87C1-BA359615AC91}.Debug|Any CPU.ActiveCfg = Debug|x64
		{D05D9E79-D2EF-475C-87C1-BA359615AC91}.Debug|Any CPU.Build.0 = Debug|x64
		{D05D9E79-D2EF-475C-87C1-BA359615AC91}.Debug|x64.ActiveCfg = Debug|x64
		{D05D9E79-D2EF-475C-87C1-BA359615AC91}.Debug|x64.Build.0 = Debug|x64
		{D05D9E79-D2EF-475C-87C1-BA359615AC91}.Debug|x86.ActiveCfg = Debug|Win32
		{D05D9E79-D2EF-475C-87C1-BA359615AC91}.Debug|x86.Build.0 = Debug|Win32
		{D05D9E79-D2EF-475C-87C1-BA359615AC91}.Release|Any CPU.ActiveCfg = Release|x64
		{D05D9E79-D2EF-475C-87C1-BA359615AC91}.Release|Any CPU.Build.0 = Release|x64
		{D05D9E79-D2EF-475C-87C1-BA359615AC91}.Release|x64.ActiveCfg = Release|x64
		{D05D9E79-D2EF-475C-87C1-BA359615AC91}.Release|x64.Build.0 = Release|x64
		{D05D9E79-D2EF-475C-87C1-BA359615AC91}.Release|x86.ActiveCfg = Release|Win32
		{D05D9E79-D2EF-475C-87C1-BA359615AC91}.Release|x86.Build.0 = Release|Win32
		{40ADBAB9-863E-4B8C-8CB8-95670FB7C095}.Debug|Any CPU.ActiveCfg = Debug|x64
		{40ADBAB9-863E-4B8C-8CB8-95670FB7C095}.Debug|Any CPU.Build.0 = Debug|x64
		{40ADBAB9-863E-4B8C-8CB8-95670FB7C095}.Debug|x64.ActiveCfg = Debug|x64
		{40ADBAB9-863E-4B8C-8CB8-95670FB7C095}.Debug|x64.Build.0 = Debug|x64
		{40ADBAB9-863E-4B8C-8CB8-95670FB7C095}.Debug|x86.ActiveCfg = Debug|Win32
		{40ADBAB9-863E-4B8C-8CB8-95670FB7C095}.Debug|x86.Build.0 = Debug|Win32
		{40ADBAB9-863E-4B8C-8CB8-95670FB7C095}.Release|Any CPU.ActiveCfg = Release|x64
		{40ADBAB9-863E-4B8C-8CB8-95670FB7C095}.Release|Any CPU.Build.0 = Release|x64
		{40ADBAB9-863E-4B8C-8CB8-95670FB7C095}.Release|x64.ActiveCfg = Release|x64
		{40ADBAB9-863E-4B8C-8CB8-95670FB7C095}.Release|x64.Build.0 = Release|x64
		{40ADBAB9-863E-4B8C-8CB8-95670FB7C095}.Release|x86.ActiveCfg = Release|Win32
		{40ADBAB9-863E-4B8C-8CB8-95670FB7C095}.Release|x86.Build.0 = Release|Win32
		{5D57D5BA-0D17-44BA-83C5-186FC189E1D9}.Debug|Any CPU.ActiveCfg = Debug|x64
		{5D57D5BA-0D17-44BA-83C5-186FC189E1D9}.Debug|Any CPU.Build.0 = Debug|x64
		{5D57D5BA-0D17-44BA-83C5-186FC189E1D9}.Debug|x64.ActiveCfg = Debug|x64
		{5D57D5BA-0D17-44BA-83C5-186FC189E1D9}.Debug|x64.Build.0 = Debug|x64
		{5D57D5BA-0D17-44BA-83C5-186FC189E1D9}.Debug|x86.ActiveCfg = Debug|Win32
		{5D57D5BA-0D17-44BA-83C5-186FC189E1D9}.Debug|x86.Build.0 = Debug|Win32
		{5D57D5BA-0D17-44BA-83C5-186FC189E1D9}.Release|Any CPU.ActiveCfg = Release|x64
		{5D57D5BA-0D17-44BA-83C5-186FC189E1D9}.Release|Any CPU.Build.0 = Release|x64
		{5D57D5BA-0D17-44BA-83C5-186FC189E1D9}.Release|x64.ActiveCfg = Release|x64
		{5D57D5BA-0D17-44BA-83C5-186FC189E1D9}.Release|x64.Build.0 = Release|x64
		{5D57D5BA-0D17-44BA-83C5-186FC189E1D9}.Release|x86.ActiveCfg = Release|Win32
		{5D57D5BA-0D17-44BA-83C5-186FC189E1D9}.Release|x86.Build.0 = Release|Win32
		{3ED897A1-86E4-4AB9-A1AB-304E55118E35}.Debug|Any CPU.ActiveCfg = Debug|x64
		{3ED897A1-86E4-4AB9-A1AB-304E55118E35}.Debug|Any CPU.Build.0 = Debug|x64
		{3ED897A1-86E4-4AB9-A1AB-304E55118E35}.Debug|x64.ActiveCfg = Debug|x64
		{3ED897A1-86E4-4AB9-A1AB-304E55118E35}.Debug|x64.Build.0 = Debug|x64
		{3ED897A1-86E4-4AB9-A1AB-304E55118E35}.Debug|x86.ActiveCfg = Debug|Win32
		{3ED897A1-86E4-4AB9-A1AB-304E55118E35}.Debug|x86.Build.0 = Debug|Win32
		{3ED897A1-86E4-4AB9-A1AB-304E55118E35}.Release|Any CPU.ActiveCfg = Release|x64
		{3ED897A1-86E4-4AB9-A1AB-304E55118E35}.Release|Any CPU.Build.0 = Release|x64
		{3ED897A1-86E4-4AB9-A1AB-304E55118E35}.Release|x64.ActiveCfg = Release|x64
		{3ED897A1-86E4-4AB9-A1AB-304E55118E35}.Release|x64.Build.0 = Release|x64
		{3ED897A1-86E4-4AB9-A1AB-304E55118E35}.Release|x86.ActiveCfg = Release|Win32
		{3ED897A1-86E4-4AB9-A1AB-304E55118E35}.Release|x86.Build.0 = Release|Win32
		{549D25E6-7B8A-4FC4-88DB-EA74AE8F88BD}.Debug|Any CPU.ActiveCfg = Debug|x64
		{549D25E6-7B8A-4FC4-88DB-EA74AE8F88BD}.Debug|Any CPU.Build.0 = Debug|x64
		{549D25E6-7B8A-4FC4-88DB-EA74AE8F88BD}.Debug|x64.ActiveCfg = Debug|x64
		{549D25E6-7B8A-4FC4-88DB-EA74AE8F88BD}.Debug|x64.Build.0 = Debug|x64
		{549D25E6-7B8A-4FC4-88DB-EA74AE8F88BD}.Debug|x86.ActiveCfg = Debug|Win32
		{549D25E6-7B8A-4FC4-88DB-EA74AE8F88BD}.Debug|x86.Build.0 = Debug|Win32
		{549D25E6-7B8A-4FC4-88DB-EA74AE8F88BD}.Release|Any CPU.ActiveCfg = Release|x64
		{549D25E6-7B8A-4FC4-88DB-EA74AE8F88BD}.Release|Any CPU.Build.0 = Release|x64
		{549D25E6-7B8A-4FC4-88DB-EA74AE8F88BD}.Release|x64.ActiveCfg = Release|x64
		{549D25E6-7B8A-4FC4-88DB-EA74AE8F88BD}.Release|x64.Build.0 = Release|x64
		{549D25E6-7B8A-4FC4-88DB-EA74AE8F88BD}.Release|x86.ActiveCfg = Release|Win32
		{549D25E6-7B8A-4FC4-88DB-EA74AE8F88BD}.Release|x86.Build.0 = Release|Win32
		{88083F0F-C696-4B2F-85E7-5400DEF960CE}.Debug|Any CPU.ActiveCfg = Debug|x64
		{88083F0F-C696-4B2F-85E7-5400DEF960CE}.Debug|Any CPU.Build.0 = Debug|x64
		{88083F0F-C696-4B2F-85E7-5400DEF960CE}.Debug|x64.ActiveCfg = Debug|x64
		{88083F0F-C696-4B2F-85E7-5400DEF960CE}.Debug|x64.Build.0 = Debug|x64
		{88083F0F-C696-4B2F-85E7-5400DEF960CE}.Debug|x86.ActiveCfg = Debug|Win32
		{88083F0F-C696-4B2F-85E7-5400DEF960CE}.Debug|x86.Build.0 = Debug|Win32
		{88083F0F-C696-4B2F-85E7-5400DEF960CE}.Release|Any CPU.ActiveCfg = Release|x64
		{88083F0F-C696-4B2F-85E7-5400DEF960CE}.Release|Any CPU.Build.0 = Release|x64
		{88083F0F-C696-4B2F-85E7-5400DEF960CE}.Release|x64.ActiveCfg = Release|x64
		{88083F0F-C696-4B2F-85E7-5400DEF960CE}.Release|x64.Build.0 = Release|x64
		{88083F0F-C696-4B2F-85E7-5400DEF960CE}.Release|x86.ActiveCfg = Release|Win32
		{88083F0F-C696-4B2F-85E7-5400DEF960CE}.Release|x86.Build.0 = Release|Win32
		{D9334814-D3EE-4BF5-9D41-DB71B659EA57}.Debug|Any CPU.ActiveCfg = Debug|x64
		{D9334814-D3EE-4BF5-9D41-DB71B659EA57}.Debug|Any CPU.Build.0 = Debug|x64
		{D9334814-D3EE-4BF5-9D41-DB71B659EA57}.Debug|x64.ActiveCfg = Debug|x64
		{D9334814-D3EE-4BF5-9D41-DB71B659EA57}.Debug|x64.Build.0 = Debug|x64
		{D9334814-D3EE-4BF5-9D41-DB71B659EA57}.Debug|x86.ActiveCfg = Debug|Win32
		{D9334814-D3EE-4BF5-9D41-DB71B659EA57}.Debug|x86.Build.0 = Debug|Win32
		{D9334814-D3EE-4BF5-9D41-DB71B659EA57}.Release|Any CPU.ActiveCfg = Release|x64
		{D9334814-D3EE-4BF5-9D41-DB71B659EA57}.Release|Any CPU.Build.0 = Release|x64
		{D9334814-D3EE-4BF5-9D41-DB71B659EA57}.Release|x64.ActiveCfg = Release|x64
		{D9334814-D3EE-4BF5-9D41-DB71B659EA57}.Release|x64.Build.0 = Release|x64
		{D9334814-D3EE-4BF5-9D41-DB71B659EA57}.Release|x86.ActiveCfg = Release|Win32
		{D9334814-D3EE-4BF5-9D41-DB71B659EA57}.Release|x86.Build.0 = Release|Win32
		{CB6ED93B-9A7E-4EB1-9519-E8BD998A9A19}.Debug|Any CPU.ActiveCfg = Debug|x64
		{CB6ED93B-9A7E-4EB1-9519-E8BD998A9A19}.Debug|Any CPU.Build.0 = Debug|x64
		{CB6ED93B-9A7E-4EB1-9519-E8BD998A9A19}.Debug|x64.ActiveCfg = Debug|x64
		{CB6ED93B-9A7E-4EB1-9519-E8BD998A9A19}.Debug|x64.Build.0 = Debug|x64
		{CB6ED93B-9A7E-4EB1-9519-E8BD998A9A19}.Debug|x86.ActiveCfg = Debug|Win32
		{CB6ED93B-9A7E-4EB1-9519-E8BD998A9A19}.Debug|x86.Build.0 = Debug|Win32
		{CB6ED93B-9A7E-4EB1-9519-E8BD998A9A19}.Release|Any CPU.ActiveCfg = Release|x64
		{CB6ED93B-9A7E-4EB1-9519-E8BD998A9A19}.Release|Any CPU.Build.0 = Release|x64
		{CB6ED93B-9A7E-4EB1-9519-E8BD998A9A19}.Release|x64.ActiveCfg = Release|x64
		{CB6ED93B-9A7E-4EB1-9519-E8BD998A9A19}.Release|x64.Build.0 = Release|x64
		{CB6ED93B-9A7E-4EB1-9519-E8BD998A9A19}.Release|x86.ActiveCfg = Release|Win32
		{CB6ED93B-9A7E-4EB1-9519-E8BD998A9A19}.Release|x86.Build.0 = Release|Win32
		{0ACEBF45-8515-409B-99DE-190CD392A6FC}.Debug|Any CPU.ActiveCfg = Debug|x64
		{0ACEBF45-8515-409B-99DE-190CD392A6FC}.Debug|Any CPU.Build.0 = Debug|x64
		{0ACEBF45-8515-409B-99DE-190CD392A6FC}.Debug|x64.ActiveCfg = Debug|x64
		{0ACEBF45-8515-409B-99DE-190CD392A6FC}.Debug|x64.Build.0 = Debug|x64
		{0ACEBF45-8515-409B-99DE-190CD392A6FC}.Debug|x86.ActiveCfg = Debug|Win32
		{0ACEBF45-8515-409B-99DE-190CD392A6FC}.Debug|x86.Build.0 = Debug|Win32
		{0ACEBF45-8515-409B-99DE-190CD392A6FC}.Release|Any CPU.ActiveCfg = Release|x64
		{0ACEBF45-8515-409B-99DE-190CD392A6FC}.Release|Any CPU.Build.0 = Release|x64
		{0ACEBF45-8515-409B-99DE-190CD392A6FC}.Release|x64.ActiveCfg = Release|x64
		{0ACEBF45-8515-409B-99DE-190CD392A6FC}.Release|x64.Build.0 = Release|x64
		{0ACEBF45-8515-409B-99DE-190CD392A6FC}.Release|x86.ActiveCfg = Release|Win32
		{0ACEBF45-8515-409B-99DE-190CD392A6FC}.Release|x86.Build.0 = Release|Win32
		{58A974E7-93F1-4486-88D3-4C0854C19308}.Debug|Any CPU.ActiveCfg = Debug|x64
		{58A974E7-93F1-4486-88D3-4C0854C19308}.Debug|Any CPU.Build.0 = Debug|x64
		{58A974E7-93F1-4486-88D3-4C0854C19308}.Debug|x64.ActiveCfg = Debug|x64
		{58A974E7-93F1-4486-88D3-4C0854C19308}.Debug|x64.Build.0 = Debug|x64
		{58A974E7-93F1-4486-88D3-4C0854C19308}.Debug|x86.ActiveCfg = Debug|Win32
		{58A974E7-93F1-4486-88D3-4C0854C19308}.Debug|x86.Build.0 = Debug|Win32
		{58A974E7-93F1-4486-88D3-4C0854C19308}.Release|Any CPU.ActiveCfg = Release|x64
		{58A974E7-93F1-4486-88D3-4C0854C19308}.Release|Any CPU.Build.0 = Release|x64
		{58A974E7-93F1-4486-88D3-4C0854C19308}.Release|x64.ActiveCfg = Release|x64
		{58A974E7-93F1-4486-88D3-4C0854C19308}.Release|x64.Build.0 = Release|x64
		{58A974E7-93F1-4486-88D3-4C0854C19308}.Release|x86.ActiveCfg = Release|Win32
		{58A974E7-93F1-4486-88D3-4C0854C19308}.Release|x86.Build.0 = Release|Win32
		{08FEEB13-EBEA-4120-9098-DF7CE5CBEE38}.Debug|Any CPU.ActiveCfg = Debug|x64
		{08FEEB13-EBEA-4120-9098-DF7CE5CBEE38}.Debug|Any CPU.Build.0 = Debug|x64
		{08FEEB13-EBEA-4120-9098-DF7CE5CBEE38}.Debug|x64.ActiveCfg = Debug|x64
		{08FEEB13-EBEA-4120-9098-DF7CE5CBEE38}.Debug|x64.Build.0 = Debug|x64
		{08FEEB13-EBEA-4120-9098-DF7CE5CBEE38}.Debug|x86.ActiveCfg = Debug|Win32
		{08FEEB13-EBEA-4120-9098-DF7CE5CBEE38}.Debug|x86.Build.0 = Debug|Win32
		{08FEEB13-EBEA-4120-9098-DF7CE5CBEE38}.Release|Any CPU.ActiveCfg = Release|x64
		{08FEEB13-EBEA-4120-9098-DF7CE5CBEE38}.Release|Any CPU.Build.0 = Release|x64
		{08FEEB13-EBEA-4120-9098-DF7CE5CBEE38}.Release|x64.ActiveCfg = Release|x64
		{08FEEB13-EBEA-4120-9098-DF7CE5CBEE38}.Release|x64.Build.0 = Release|x64
		{08FEEB13-EBEA-4120-9098-DF7CE5CBEE38}.Release|x86.ActiveCfg = Release|Win32
		{08FEEB13-EBEA-4120-9098-DF7CE5CBEE38}.Release|x86.Build.0 = Release|Win32
		{66FFB1CB-A8D7-496A-A84A-2822AC2A3264}.Debug|Any CPU.ActiveCfg = Debug|x64
		{66FFB1CB-A8D7-496A-A84A-2822AC2A3264}.Debug|Any CPU.Build.0 = Debug|x64
		{66FFB1CB-A8D7-496A-A84A-2822AC2A3264}.Debug|x64.ActiveCfg = Debug|x64
		{66FFB1CB-A8D7-496A-A84A-2822AC2A3264}.Debug|x64.Build.0 = Debug|x64
		{66FFB1CB-A8D7-496A-A84A-2822AC2A3264}.Debug|x86.ActiveCfg = Debug|Win32
		{66FFB1CB-A8D7-496A-A84A-2822AC2A3264}.Debug|x86.Build.0 = Debug|Win32
		{66FFB1CB-A8D7-496A-A84A-2822AC2A3264}.Release|Any CPU.ActiveCfg = Release|x64
		{66FFB1CB-A8D7-496A-A84A-2822AC2A3264}.Release|Any CPU.Build.0 = Release|x64
		{66FFB1CB-A8D7-496A-A84A-2822AC2A3264}.Release|x64.ActiveCfg = Release|x64
		{66FFB1CB-A8D7-496A-A84A-2822AC2A3264}.Release|x64.Build.0 = Release|x64
		{66FFB1CB-A8D7-496A-A84A-2822AC2A3264}.Release|x86.ActiveCfg = Release|Win32
		{66FFB1CB-A8D7-496A-A84A-2822AC2A3264}.Release|x86.Build.0 = Release|Win32
		{108805A3-298C-4B98-915C-872E2F170A85}.Debug|Any CPU.ActiveCfg = Debug|x64
		{108805A3-298C-4B98-915C-872E2F170A85}.Debug|Any CPU.Build.0 = Debug|x64
		{108805A3-298C-4B98-915C-872E2F170A85}.Debug|x64.ActiveCfg = Debug|x64
		{108805A3-298C-4B98-915C-872E2F170A85}.Debug|x64.Build.0 = Debug|x64
		{108805A3-298C-4B98-915C-872E2F170A85}.Debug|x86.ActiveCfg = Debug|Win32
		{108805A3-298C-4B98-915C-872E2F170A85}.Debug|x86.Build.0 = Debug|Win32
		{108805A3-298C-4B98-915C-872E2F170A85}.Release|Any CPU.ActiveCfg = Release|x64
		{108805A3-298C-4B98-915C-872E2F170A85}.Release|Any CPU.Build.0 = Release|x64
		{108805A3-298C-4B98-915C-872E2F170A85}.Release|x64.ActiveCfg = Release|x64
		{108805A3-298C-4B98-915C-872E2F170A85}.Release|x64.Build.0 = Release|x64
		{108805A3-298C-4B98-915C-872E2F170A85}.Release|x86.ActiveCfg = Release|Win32
		{108805A3-298C-4B98-915C-872E2F170A85}.Release|x86.Build.0 = Release|Win32
		{C3FC80E9-0550-4E33-83E9-C9D311D4F749}.Debug|Any CPU.ActiveCfg = Debug|x64
		{C3FC80E9-0550-4E33-83E9-C9D311D4F749}.Debug|Any CPU.Build.0 = Debug|x64
		{C3FC80E9-0550-4E33-83E9-C9D311D4F749}.Debug|x64.ActiveCfg = Debug|x64
		{C3FC80E9-0550-4E33-83E9-C9D311D4F749}.Debug|x64.Build.0 = Debug|x64
		{C3FC80E9-0550-4E33-83E9-C9D311D4F749}.Debug|x86.ActiveCfg = Debug|Win32
		{C3FC80E9-0550-4E33-83E9-C9D311D4F749}.Debug|x86.Build.0 = Debug|Win32
		{C3FC80E9-0550-4E33-83E9-C9D311D4F749}.Release|Any CPU.ActiveCfg = Release|x64
		{C3FC80E9-0550-4E33-83E9-C9D311D4F749}.Release|Any CPU.Build.0 = Release|x64
		{C3FC80E9-0550-4E33-83E9-C9D311D4F749}.Release|x64.ActiveCfg = Release|x64
		{C3FC80E9-0550-4E33-83E9-C9D311D4F749}.Release|x64.Build.0 = Release|x64
		{C3FC80E9-0550-4E33-83E9-C9D311D4F749}.Release|x86.ActiveCfg = Release|Win32
		{C3FC80E9-0550-4E33-83E9-C9D311D4F749}.Release|x86.Build.0 = Release|Win32
		{F83BA35A-295F-4844-ADD0-06FDA7CBA5F0}.Debug|Any CPU.ActiveCfg = Debug|x64
		{F83BA35A-295F-4844-ADD0-06FDA7CBA5F0}.Debug|Any CPU.Build.0 = Debug|x64
		{F83BA35A-295F-4844-ADD0-06FDA7CBA5F0}.Debug|x64.ActiveCfg = Debug|x64
		{F83BA35A-295F-4844-ADD0-06FDA7CBA5F0}.Debug|x64.Build.0 = Debug|x64
		{F83BA35A-295F-4844-ADD0-06FDA7CBA5F0}.Debug|x86.ActiveCfg = Debug|Win32
		{F83BA35A-295F-4844-ADD0-06FDA7CBA5F0}.Debug|x86.Build.0 = Debug|Win32
		{F83BA35A-295F-4844-ADD0-06FDA7CBA5F0}.Release|Any CPU.ActiveCfg = Release|x64
		{F83BA35A-295F-4844-ADD0-06FDA7CBA5F0}.Release|Any CPU.Build.0 = Release|x64
		{F83BA35A-295F-4844-ADD0-06FDA7CBA5F0}.Release|x64.ActiveCfg = Release|x64
		{F83BA35A-295F-4844-ADD0-06FDA7CBA5F0}.Release|x64.Build.0 = Release|x64
		{F83BA35A-295F-4844-ADD0-06FDA7CBA5F0}.Release|x86.ActiveCfg = Release|Win32
		{F83BA35A-295F-4844-ADD0-06FDA7CBA5F0}.Release|x86.Build.0 = Release|Win32
		{65425080-EB20-4CBF-BCE4-BBF2B7157989}.Debug|Any CPU.ActiveCfg = Debug|x64
		{65425080-EB20-4CBF-BCE4-BBF2B7157989}.Debug|Any CPU.Build.0 = Debug|x64
		{65425080-EB20-4CBF-BCE4-BBF2B7157989}.Debug|x64.ActiveCfg = Debug|x64
		{65425080-EB20-4CBF-BCE4-BBF2B7157989}.Debug|x64.Build.0 = Debug|x64
		{65425080-EB20-4CBF-BCE4-BBF2B7157989}.Debug|x86.ActiveCfg = Debug|Win32
		{65425080-EB20-4CBF-BCE4-BBF2B7157989}.Debug|x86.Build.0 = Debug|Win32
		{65425080-EB20-4CBF-BCE4-BBF2B7157989}.Release|Any CPU.ActiveCfg = Release|x64
		{65425080-EB20-4CBF-BCE4-BBF2B7157989}.Release|Any CPU.Build.0 = Release|x64
		{65425080-EB20-4CBF-BCE4-BBF2B7157989}.Release|x64.ActiveCfg = Release|x64
		{65425080-EB20-4CBF-BCE4-BBF2B7157989}.Release|x64.Build.0 = Release|x64
		{65425080-EB20-4CBF-BCE4-BBF2B7157989}.Release|x86.ActiveCfg = Release|Win32
		{65425080-EB20-4CBF-BCE4-BBF2B7157989}.Release|x86.Build.0 = Release|Win32
		{B4FDBBFA-6D0E-43D6-92FC-26D534FAA3C3}.Debug|Any CPU.ActiveCfg = Debug|x64
		{B4FDBBFA-6D0E-43D6-92FC-26D534FAA3C3}.Debug|Any CPU.Build.0 = Debug|x64
		{B4FDBBFA-6D0E-43D6-92FC-26D534FAA3C3}.Debug|x64.ActiveCfg = Debug|x64
		{B4FDBBFA-6D0E-43D6-92FC-26D534FAA3C3}.Debug|x64.Build.0 = Debug|x64
		{B4FDBBFA-6D0E-43D6-92FC-26D534FAA3C3}.Debug|x86.ActiveCfg = Debug|Win32
		{B4FDBBFA-6D0E-43D6-92FC-26D534FAA3C3}.Debug|x86.Build.0 = Debug|Win32
		{B4FDBBFA-6D0E-43D6-92FC-26D534FAA3C3}.Release|Any CPU.ActiveCfg = Release|x64
		{B4FDBBFA-6D0E-43D6-92FC-26D534FAA3C3}.Release|Any CPU.Build.0 = Release|x64
		{B4FDBBFA-6D0E-43D6-92FC-26D534FAA3C3}.Release|x64.ActiveCfg = Release|x64
		{B4FDBBFA-6D0E-43D6-92FC-26D534FAA3C3}.Release|x64.Build.0 = Release|x64
		{B4FDBBFA-6D0E-43D6-92FC-26D534FAA3C3}.Release|x86.ActiveCfg = Release|Win32
		{B4FDBBFA-6D0E-43D6-92FC-26D534FAA3C3}.Release|x86.Build.0 = Release|Win32
		{86672AD6-B2F5-40B4-BD97-5EB61A0988D5}.Debug|Any CPU.ActiveCfg = Debug|x64
		{86672AD6-B2F5-40B4-BD97-5EB61A0988D5}.Debug|Any CPU.Build.0 = Debug|x64
		{86672AD6-B2F5-40B4-BD97-5EB61A0988D5}.Debug|x64.ActiveCfg = Debug|x64
		{86672AD6-B2F5-40B4-BD97-5EB61A0988D5}.Debug|x64.Build.0 = Debug|x64
		{86672AD6-B2F5-40B4-BD97-5EB61A0988D5}.Debug|x86.ActiveCfg = Debug|Win32
		{86672AD6-B2F5-40B4-BD97-5EB61A0988D5}.Debug|x86.Build.0 = Debug|Win32
		{86672AD6-B2F5-40B4-BD97-5EB61A0988D5}.Release|Any CPU.ActiveCfg = Release|x64
		{86672AD6-B2F5-40B4-BD97-5EB61A0988D5}.Release|Any CPU.Build.0 = Release|x64
		{86672AD6-B2F5-40B4-BD97-5EB61A0988D5}.Release|x64.ActiveCfg = Release|x64
		{86672AD6-B2F5-40B4-BD97-5EB61A0988D5}.Release|x64.Build.0 = Release|x64
		{86672AD6-B2F5-40B4-BD97-5EB61A0988D5}.Release|x86.ActiveCfg = Release|Win32
		{86672AD6-B2F5-40B4-BD97-5EB61A0988D5}.Release|x86.Build.0 = Release|Win32
		{C6472FE5-4F33-4AF4-9EEF-2D61041556EA}.Debug|Any CPU.ActiveCfg = Debug|x64
		{C6472FE5-4F33-4AF4-9EEF-2D61041556EA}.Debug|Any CPU.Build.0 = Debug|x64
		{C6472FE5-4F33-4AF4-9EEF-2D61041556EA}.Debug|x64.ActiveCfg = Debug|x64
		{C6472FE5-4F33-4AF4-9EEF-2D61041556EA}.Debug|x64.Build.0 = Debug|x64
		{C6472FE5-4F33-4AF4-9EEF-2D61041556EA}.Debug|x86.ActiveCfg = Debug|Win32
		{C6472FE5-4F33-4AF4-9EEF-2D61041556EA}.Debug|x86.Build.0 = Debug|Win32
		{C6472FE5-4F33-4AF4-9EEF-2D61041556EA}.Release|Any CPU.ActiveCfg = Release|x64
		{C6472FE5-4F33-4AF4-9EEF-2D61041556EA}.Release|Any CPU.Build.0 = Release|x64
		{C6472FE5-4F33-4AF4-9EEF-2D61041556EA}.Release|x64.ActiveCfg = Release|x64
		{C6472FE5-4F33-4AF4-9EEF-2D61041556EA}.Release|x64.Build.0 = Release|x64
		{C6472FE5-4F33-4AF4-9EEF-2D61041556EA}.Release|x86.ActiveCfg = Release|Win32
		{C6472FE5-4F33-4AF4-9EEF-2D61041556EA}.Release|x86.Build.0 = Release|Win32
		{A31B06B6-8CC5-45AC-A7E7-7FD9180DDDB0}.Debug|Any CPU.ActiveCfg = Debug|x64
		{A31B06B6-8CC5-45AC-A7E7-7FD9180DDDB0}.Debug|Any CPU.Build.0 = Debug|x64
		{A31B06B6-8CC5-45AC-A7E7-7FD9180DDDB0}.Debug|x64.ActiveCfg = Debug|x64
		{A31B06B6-8CC5-45AC-A7E7-7FD9180DDDB0}.Debug|x64.Build.0 = Debug|x64
		{A31B06B6-8CC5-45AC-A7E7-7FD9180DDDB0}.Debug|x86.ActiveCfg = Debug|Win32
		{A31B06B6-8CC5-45AC-A7E7-7FD9180DDDB0}.Debug|x86.Build.0 = Debug|Win32
		{A31B06B6-8CC5-45AC-A7E7-7FD9180DDDB0}.Release|Any CPU.ActiveCfg = Release|x64
		{A31B06B6-8CC5-45AC-A7E7-7FD9180DDDB0}.Release|Any CPU.Build.0 = Release|x64
		{A31B06B6-8CC5-45AC-A7E7-7FD9180DDDB0}.Release|x64.ActiveCfg = Release|x64
		{A31B06B6-8CC5-45AC-A7E7-7FD9180DDDB0}.Release|x64.Build.0 = Release|x64
		{A31B06B6-8CC5-45AC-A7E7-7FD9180DDDB0}.Release|x86.ActiveCfg = Release|Win32
		{A31B06B6-8CC5-45AC-A7E7-7FD9180DDDB0}.Release|x86.Build.0 = Release|Win32
		{A8EEC27E-DABA-433C-88B8-A27BF6CFC1F6}.Debug|Any CPU.ActiveCfg = Debug|x64
		{A8EEC27E-DABA-433C-88B8-A27BF6CFC1F6}.Debug|Any CPU.Build.0 = Debug|x64
		{A8EEC27E-DABA-433C-88B8-A27BF6CFC1F6}.Debug|x64.ActiveCfg = Debug|x64
		{A8EEC27E-DABA-433C-88B8-A27BF6CFC1F6}.Debug|x64.Build.0 = Debug|x64
		{A8EEC27E-DABA-433C-88B8-A27BF6CFC1F6}.Debug|x86.ActiveCfg = Debug|Win32
		{A8EEC27E-DABA-433C-88B8-A27BF6CFC1F6}.Debug|x86.Build.0 = Debug|Win32
		{A8EEC27E-DABA-433C-88B8-A27BF6CFC1F6}.Release|Any CPU.ActiveCfg = Release|x64
		{A8EEC27E-DABA-433C-88B8-A27BF6CFC1F6}.Release|Any CPU.Build.0 = Release|x64
		{A8EEC27E-DABA-433C-88B8-A27BF6CFC1F6}.Release|x64.ActiveCfg = Release|x64
		{A8EEC27E-DABA-433C-88B8-A27BF6CFC1F6}.Release|x64.Build.0 = Release|x64
		{A8EEC27E-DABA-433C-88B8-A27BF6CFC1F6}.Release|x86.ActiveCfg = Release|Win32
		{A8EEC27E-DABA-433C-88B8-A27BF6CFC1F6}.Release|x86.Build.0 = Release|Win32
		{61BF7DAA-C37A-4049-B25E-27967704AEBA}.Debug|Any CPU.ActiveCfg = Debug|x64
		{61BF7DAA-C37A-4049-B25E-27967704AEBA}.Debug|Any CPU.Build.0 = Debug|x64
		{61BF7DAA-C37A-4049-B25E-27967704AEBA}.Debug|x64.ActiveCfg = Debug|x64
		{61BF7DAA-C37A-4049-B25E-27967704AEBA}.Debug|x64.Build.0 = Debug|x64
		{61BF7DAA-C37A-4049-B25E-27967704AEBA}.Debug|x86.ActiveCfg = Debug|Win32
		{61BF7DAA-C37A-4049-B25E-27967704AEBA}.Debug|x86.Build.0 = Debug|Win32
		{61BF7DAA-C37A-4049-B25E-27967704AEBA}.Release|Any CPU.ActiveCfg = Release|x64
		{61BF7DAA-C37A-4049-B25E-27967704AEBA}.Release|Any CPU.Build.0 = Release|x64
		{61BF7DAA-C37A-4049-B25E-27967704AEBA}.Release|x64.ActiveCfg = Release|x64
		{61BF7DAA-C37A-4049-B25E-27967704AEBA}.Release|x64.Build.0 = Release|x64
		{61BF7DAA-C37A-4049-B25E-27967704AEBA}.Release|x86.ActiveCfg = Release|Win32
		{61BF7DAA-C37A-4049-B25E-27967704AEBA}.Release|x86.Build.0 = Release|Win32
	EndGlobalSection
	GlobalSection(SolutionProperties) = preSolution
		HideSolutionNode = FALSE
	EndGlobalSection
	GlobalSection(NestedProjects) = preSolution
		{EBEE876E-EE8C-44E9-8640-3EE78D7AF889} = {3F6BC646-08FF-46E9-A671-15BF212DABD2}
		{D05D9E79-D2EF-475C-87C1-BA359615AC91} = {F94ACCC3-1106-4BD0-93EE-BFF0E824267E}
		{40ADBAB9-863E-4B8C-8CB8-95670FB7C095} = {F94ACCC3-1106-4BD0-93EE-BFF0E824267E}
		{5D57D5BA-0D17-44BA-83C5-186FC189E1D9} = {F94ACCC3-1106-4BD0-93EE-BFF0E824267E}
		{549D25E6-7B8A-4FC4-88DB-EA74AE8F88BD} = {3F6BC646-08FF-46E9-A671-15BF212DABD2}
		{D9334814-D3EE-4BF5-9D41-DB71B659EA57} = {F94ACCC3-1106-4BD0-93EE-BFF0E824267E}
		{CB6ED93B-9A7E-4EB1-9519-E8BD998A9A19} = {3F6BC646-08FF-46E9-A671-15BF212DABD2}
		{0ACEBF45-8515-409B-99DE-190CD392A6FC} = {3F6BC646-08FF-46E9-A671-15BF212DABD2}
		{58A974E7-93F1-4486-88D3-4C0854C19308} = {3F6BC646-08FF-46E9-A671-15BF212DABD2}
		{08FEEB13-EBEA-4120-9098-DF7CE5CBEE38} = {3F6BC646-08FF-46E9-A671-15BF212DABD2}
		{108805A3-298C-4B98-915C-872E2F170A85} = {FD92EE6E-B6AB-4928-B10A-1616DA2BA990}
		{C3FC80E9-0550-4E33-83E9-C9D311D4F749} = {F6E0A7E6-45A5-4611-8625-AAF41F46E1D0}
		{F6E0A7E6-45A5-4611-8625-AAF41F46E1D0} = {3F6BC646-08FF-46E9-A671-15BF212DABD2}
		{F83BA35A-295F-4844-ADD0-06FDA7CBA5F0} = {FD92EE6E-B6AB-4928-B10A-1616DA2BA990}
		{65425080-EB20-4CBF-BCE4-BBF2B7157989} = {1CE43891-1F14-4066-8F26-1539AC361BF7}
		{B4FDBBFA-6D0E-43D6-92FC-26D534FAA3C3} = {F6E0A7E6-45A5-4611-8625-AAF41F46E1D0}
		{CE1A9019-BE94-4CA1-8466-9521ADBBD6BD} = {3F6BC646-08FF-46E9-A671-15BF212DABD2}
		{86672AD6-B2F5-40B4-BD97-5EB61A0988D5} = {CE1A9019-BE94-4CA1-8466-9521ADBBD6BD}
		{C6472FE5-4F33-4AF4-9EEF-2D61041556EA} = {CE1A9019-BE94-4CA1-8466-9521ADBBD6BD}
		{E7F7E1C8-5E7E-4388-84E5-49FA176334A0} = {3F6BC646-08FF-46E9-A671-15BF212DABD2}
		{A31B06B6-8CC5-45AC-A7E7-7FD9180DDDB0} = {E7F7E1C8-5E7E-4388-84E5-49FA176334A0}
		{A8EEC27E-DABA-433C-88B8-A27BF6CFC1F6} = {E7F7E1C8-5E7E-4388-84E5-49FA176334A0}
		{61BF7DAA-C37A-4049-B25E-27967704AEBA} = {1CE43891-1F14-4066-8F26-1539AC361BF7}
	EndGlobalSection
	GlobalSection(ExtensibilityGlobals) = postSolution
		SolutionGuid = {08B3B889-823A-493B-9AB1-8B7FC35BF31E}
	EndGlobalSection
EndGlobal
